
Microsoft Visual Studio Solution File, Format Version 12.00
# Visual Studio Version 16
VisualStudioVersion = 16.0.31019.35
MinimumVisualStudioVersion = 10.0.40219.1
Project("{FAE04EC0-301F-11D3-BF4B-00C04F79EFBC}") = "JsonEntityStore", "JsonEntityStore\JsonEntityStore.csproj", "{557E827E-D672-43C2-95B2-EDD9F4A27957}"
EndProject
Project("{FAE04EC0-301F-11D3-BF4B-00C04F79EFBC}") = "JsonEntityStoreTests", "JsonEntityStoreTests\JsonEntityStoreTests.csproj", "{A5B96EBE-D055-4178-88B4-AD4A59AD7263}"
EndProject
Global
	GlobalSection(SolutionConfigurationPlatforms) = preSolution
		Debug|Any CPU = Debug|Any CPU
		Release|Any CPU = Release|Any CPU
	EndGlobalSection
	GlobalSection(ProjectConfigurationPlatforms) = postSolution
		{557E827E-D672-43C2-95B2-EDD9F4A27957}.Debug|Any CPU.ActiveCfg = Debug|Any CPU
		{557E827E-D672-43C2-95B2-EDD9F4A27957}.Debug|Any CPU.Build.0 = Debug|Any CPU
		{557E827E-D672-43C2-95B2-EDD9F4A27957}.Release|Any CPU.ActiveCfg = Release|Any CPU
		{557E827E-D672-43C2-95B2-EDD9F4A27957}.Release|Any CPU.Build.0 = Release|Any CPU
		{A5B96EBE-D055-4178-88B4-AD4A59AD7263}.Debug|Any CPU.ActiveCfg = Debug|Any CPU
		{A5B96EBE-D055-4178-88B4-AD4A59AD7263}.Debug|Any CPU.Build.0 = Debug|Any CPU
		{A5B96EBE-D055-4178-88B4-AD4A59AD7263}.Release|Any CPU.ActiveCfg = Release|Any CPU
		{A5B96EBE-D055-4178-88B4-AD4A59AD7263}.Release|Any CPU.Build.0 = Release|Any CPU
	EndGlobalSection
	GlobalSection(SolutionProperties) = preSolution
		HideSolutionNode = FALSE
	EndGlobalSection
	GlobalSection(ExtensibilityGlobals) = postSolution
		SolutionGuid = {8B6BEBD0-9567-45F1-8685-921A8A8A9596}
	EndGlobalSection
EndGlobal
